// !$*UTF8*$!
{
	archiveVersion = 1;
	classes = {
	};
	objectVersion = 55;
	objects = {

/* Begin PBXBuildFile section */
		7ED62245EF3D540949E5759F /* Pods_Rss_Feed_SwiftUI.framework in Frameworks */ = {isa = PBXBuildFile; fileRef = 678B39F23FB9CA06521B5990 /* Pods_Rss_Feed_SwiftUI.framework */; };
		B31D7D5428B1294700A4E948 /* Rss_Feed_SwiftUIApp.swift in Sources */ = {isa = PBXBuildFile; fileRef = B31D7D5328B1294700A4E948 /* Rss_Feed_SwiftUIApp.swift */; };
		B31D7D5628B1294700A4E948 /* MainContentView.swift in Sources */ = {isa = PBXBuildFile; fileRef = B31D7D5528B1294700A4E948 /* MainContentView.swift */; };
		B31D7D5828B1294D00A4E948 /* Assets.xcassets in Resources */ = {isa = PBXBuildFile; fileRef = B31D7D5728B1294D00A4E948 /* Assets.xcassets */; };
		B31D7D5B28B1294D00A4E948 /* Preview Assets.xcassets in Resources */ = {isa = PBXBuildFile; fileRef = B31D7D5A28B1294D00A4E948 /* Preview Assets.xcassets */; };
		B31D7D6428B12AF400A4E948 /* MainModel.swift in Sources */ = {isa = PBXBuildFile; fileRef = B31D7D6328B12AF400A4E948 /* MainModel.swift */; };
		B31D7D6628B12B2900A4E948 /* MainViewModel.swift in Sources */ = {isa = PBXBuildFile; fileRef = B31D7D6528B12B2900A4E948 /* MainViewModel.swift */; };
		B31D7D6828B12CA800A4E948 /* rssList.json in Resources */ = {isa = PBXBuildFile; fileRef = B31D7D6728B12CA800A4E948 /* rssList.json */; };
		B31D7D6A28B12EED00A4E948 /* Bundle+Extension.swift in Sources */ = {isa = PBXBuildFile; fileRef = B31D7D6928B12EED00A4E948 /* Bundle+Extension.swift */; };
		B31D7D6C28B13E6000A4E948 /* MainCell.swift in Sources */ = {isa = PBXBuildFile; fileRef = B31D7D6B28B13E6000A4E948 /* MainCell.swift */; };
		B31D7D7028B14E0900A4E948 /* FeedDetailCell.swift in Sources */ = {isa = PBXBuildFile; fileRef = B31D7D6F28B14E0900A4E948 /* FeedDetailCell.swift */; };
		B31D7D7228B156DE00A4E948 /* String+Extension.swift in Sources */ = {isa = PBXBuildFile; fileRef = B31D7D7128B156DE00A4E948 /* String+Extension.swift */; };
		B31D7D7428B1577100A4E948 /* FeedDetailCellViewModel.swift in Sources */ = {isa = PBXBuildFile; fileRef = B31D7D7328B1577100A4E948 /* FeedDetailCellViewModel.swift */; };
		B31D7D7628B15A9700A4E948 /* FeedDetailView.swift in Sources */ = {isa = PBXBuildFile; fileRef = B31D7D7528B15A9700A4E948 /* FeedDetailView.swift */; };
		B31D7D7828B15AF600A4E948 /* FeedDetailViewModel.swift in Sources */ = {isa = PBXBuildFile; fileRef = B31D7D7728B15AF600A4E948 /* FeedDetailViewModel.swift */; };
		B3B7697128B1856E003EDD99 /* LaunchScreen.storyboard in Resources */ = {isa = PBXBuildFile; fileRef = B3B7697028B1856E003EDD99 /* LaunchScreen.storyboard */; };
/* End PBXBuildFile section */

/* Begin PBXFileReference section */
		678B39F23FB9CA06521B5990 /* Pods_Rss_Feed_SwiftUI.framework */ = {isa = PBXFileReference; explicitFileType = wrapper.framework; includeInIndex = 0; path = Pods_Rss_Feed_SwiftUI.framework; sourceTree = BUILT_PRODUCTS_DIR; };
		B31D7D5028B1294700A4E948 /* Rss Feed.app */ = {isa = PBXFileReference; explicitFileType = wrapper.application; includeInIndex = 0; path = "Rss Feed.app"; sourceTree = BUILT_PRODUCTS_DIR; };
		B31D7D5328B1294700A4E948 /* Rss_Feed_SwiftUIApp.swift */ = {isa = PBXFileReference; lastKnownFileType = sourcecode.swift; path = Rss_Feed_SwiftUIApp.swift; sourceTree = "<group>"; };
		B31D7D5528B1294700A4E948 /* MainContentView.swift */ = {isa = PBXFileReference; lastKnownFileType = sourcecode.swift; path = MainContentView.swift; sourceTree = "<group>"; };
		B31D7D5728B1294D00A4E948 /* Assets.xcassets */ = {isa = PBXFileReference; lastKnownFileType = folder.assetcatalog; path = Assets.xcassets; sourceTree = "<group>"; };
		B31D7D5A28B1294D00A4E948 /* Preview Assets.xcassets */ = {isa = PBXFileReference; lastKnownFileType = folder.assetcatalog; path = "Preview Assets.xcassets"; sourceTree = "<group>"; };
		B31D7D6328B12AF400A4E948 /* MainModel.swift */ = {isa = PBXFileReference; lastKnownFileType = sourcecode.swift; path = MainModel.swift; sourceTree = "<group>"; };
		B31D7D6528B12B2900A4E948 /* MainViewModel.swift */ = {isa = PBXFileReference; lastKnownFileType = sourcecode.swift; path = MainViewModel.swift; sourceTree = "<group>"; };
		B31D7D6728B12CA800A4E948 /* rssList.json */ = {isa = PBXFileReference; fileEncoding = 4; lastKnownFileType = text.json; path = rssList.json; sourceTree = "<group>"; };
		B31D7D6928B12EED00A4E948 /* Bundle+Extension.swift */ = {isa = PBXFileReference; lastKnownFileType = sourcecode.swift; path = "Bundle+Extension.swift"; sourceTree = "<group>"; };
		B31D7D6B28B13E6000A4E948 /* MainCell.swift */ = {isa = PBXFileReference; lastKnownFileType = sourcecode.swift; path = MainCell.swift; sourceTree = "<group>"; };
		B31D7D6F28B14E0900A4E948 /* FeedDetailCell.swift */ = {isa = PBXFileReference; lastKnownFileType = sourcecode.swift; path = FeedDetailCell.swift; sourceTree = "<group>"; };
		B31D7D7128B156DE00A4E948 /* String+Extension.swift */ = {isa = PBXFileReference; lastKnownFileType = sourcecode.swift; path = "String+Extension.swift"; sourceTree = "<group>"; };
		B31D7D7328B1577100A4E948 /* FeedDetailCellViewModel.swift */ = {isa = PBXFileReference; lastKnownFileType = sourcecode.swift; path = FeedDetailCellViewModel.swift; sourceTree = "<group>"; };
		B31D7D7528B15A9700A4E948 /* FeedDetailView.swift */ = {isa = PBXFileReference; lastKnownFileType = sourcecode.swift; path = FeedDetailView.swift; sourceTree = "<group>"; };
		B31D7D7728B15AF600A4E948 /* FeedDetailViewModel.swift */ = {isa = PBXFileReference; lastKnownFileType = sourcecode.swift; path = FeedDetailViewModel.swift; sourceTree = "<group>"; };
		B3B7697028B1856E003EDD99 /* LaunchScreen.storyboard */ = {isa = PBXFileReference; lastKnownFileType = file.storyboard; path = LaunchScreen.storyboard; sourceTree = "<group>"; };
		C9C9D1C079175F50057116DB /* Pods-Rss-Feed-SwiftUI.debug.xcconfig */ = {isa = PBXFileReference; includeInIndex = 1; lastKnownFileType = text.xcconfig; name = "Pods-Rss-Feed-SwiftUI.debug.xcconfig"; path = "Target Support Files/Pods-Rss-Feed-SwiftUI/Pods-Rss-Feed-SwiftUI.debug.xcconfig"; sourceTree = "<group>"; };
		D11A7A564A407B6BB0487D71 /* Pods-Rss-Feed-SwiftUI.release.xcconfig */ = {isa = PBXFileReference; includeInIndex = 1; lastKnownFileType = text.xcconfig; name = "Pods-Rss-Feed-SwiftUI.release.xcconfig"; path = "Target Support Files/Pods-Rss-Feed-SwiftUI/Pods-Rss-Feed-SwiftUI.release.xcconfig"; sourceTree = "<group>"; };
/* End PBXFileReference section */

/* Begin PBXFrameworksBuildPhase section */
		B31D7D4D28B1294700A4E948 /* Frameworks */ = {
			isa = PBXFrameworksBuildPhase;
			buildActionMask = 2147483647;
			files = (
				7ED62245EF3D540949E5759F /* Pods_Rss_Feed_SwiftUI.framework in Frameworks */,
			);
			runOnlyForDeploymentPostprocessing = 0;
		};
/* End PBXFrameworksBuildPhase section */

/* Begin PBXGroup section */
		82E388E577EFD7BE952238D7 /* Frameworks */ = {
			isa = PBXGroup;
			children = (
				678B39F23FB9CA06521B5990 /* Pods_Rss_Feed_SwiftUI.framework */,
			);
			name = Frameworks;
			sourceTree = "<group>";
		};
		B31D7D4728B1294700A4E948 = {
			isa = PBXGroup;
			children = (
				B31D7D5228B1294700A4E948 /* Rss-Feed-SwiftUI */,
				B31D7D5128B1294700A4E948 /* Products */,
				C675C110B535E9D05298BEEA /* Pods */,
				82E388E577EFD7BE952238D7 /* Frameworks */,
			);
			sourceTree = "<group>";
		};
		B31D7D5128B1294700A4E948 /* Products */ = {
			isa = PBXGroup;
			children = (
				B31D7D5028B1294700A4E948 /* Rss Feed.app */,
			);
			name = Products;
			sourceTree = "<group>";
		};
		B31D7D5228B1294700A4E948 /* Rss-Feed-SwiftUI */ = {
			isa = PBXGroup;
			children = (
				B31D7D5328B1294700A4E948 /* Rss_Feed_SwiftUIApp.swift */,
				B3B7697028B1856E003EDD99 /* LaunchScreen.storyboard */,
				B31D7D6D28B144C300A4E948 /* Main */,
				B3B7696F28B16BE7003EDD99 /* Feed */,
				B31D7D6E28B144D100A4E948 /* Util */,
				B31D7D5728B1294D00A4E948 /* Assets.xcassets */,
				B31D7D6728B12CA800A4E948 /* rssList.json */,
				B31D7D5928B1294D00A4E948 /* Preview Content */,
			);
			path = "Rss-Feed-SwiftUI";
			sourceTree = "<group>";
		};
		B31D7D5928B1294D00A4E948 /* Preview Content */ = {
			isa = PBXGroup;
			children = (
				B31D7D5A28B1294D00A4E948 /* Preview Assets.xcassets */,
			);
			path = "Preview Content";
			sourceTree = "<group>";
		};
		B31D7D6D28B144C300A4E948 /* Main */ = {
			isa = PBXGroup;
			children = (
				B31D7D5528B1294700A4E948 /* MainContentView.swift */,
				B31D7D6B28B13E6000A4E948 /* MainCell.swift */,
				B31D7D6528B12B2900A4E948 /* MainViewModel.swift */,
				B31D7D6328B12AF400A4E948 /* MainModel.swift */,
			);
			path = Main;
			sourceTree = "<group>";
		};
		B31D7D6E28B144D100A4E948 /* Util */ = {
			isa = PBXGroup;
			children = (
				B31D7D6928B12EED00A4E948 /* Bundle+Extension.swift */,
				B31D7D7128B156DE00A4E948 /* String+Extension.swift */,
			);
			path = Util;
			sourceTree = "<group>";
		};
		B3B7696F28B16BE7003EDD99 /* Feed */ = {
			isa = PBXGroup;
			children = (
				B31D7D6F28B14E0900A4E948 /* FeedDetailCell.swift */,
				B31D7D7328B1577100A4E948 /* FeedDetailCellViewModel.swift */,
				B31D7D7528B15A9700A4E948 /* FeedDetailView.swift */,
				B31D7D7728B15AF600A4E948 /* FeedDetailViewModel.swift */,
			);
			path = Feed;
			sourceTree = "<group>";
		};
		C675C110B535E9D05298BEEA /* Pods */ = {
			isa = PBXGroup;
			children = (
				C9C9D1C079175F50057116DB /* Pods-Rss-Feed-SwiftUI.debug.xcconfig */,
				D11A7A564A407B6BB0487D71 /* Pods-Rss-Feed-SwiftUI.release.xcconfig */,
			);
			path = Pods;
			sourceTree = "<group>";
		};
/* End PBXGroup section */

/* Begin PBXNativeTarget section */
		B31D7D4F28B1294700A4E948 /* Rss-Feed-SwiftUI */ = {
			isa = PBXNativeTarget;
			buildConfigurationList = B31D7D5E28B1294D00A4E948 /* Build configuration list for PBXNativeTarget "Rss-Feed-SwiftUI" */;
			buildPhases = (
				6EFAE1CD9D6FCDAF561C1F78 /* [CP] Check Pods Manifest.lock */,
				B31D7D4C28B1294700A4E948 /* Sources */,
				B31D7D4D28B1294700A4E948 /* Frameworks */,
				B31D7D4E28B1294700A4E948 /* Resources */,
				B5898B91D6FD308B5BEE2F21 /* [CP] Embed Pods Frameworks */,
			);
			buildRules = (
			);
			dependencies = (
			);
			name = "Rss-Feed-SwiftUI";
			productName = "Rss-Feed-SwiftUI";
			productReference = B31D7D5028B1294700A4E948 /* Rss Feed.app */;
			productType = "com.apple.product-type.application";
		};
/* End PBXNativeTarget section */

/* Begin PBXProject section */
		B31D7D4828B1294700A4E948 /* Project object */ = {
			isa = PBXProject;
			attributes = {
				BuildIndependentTargetsInParallel = 1;
				LastSwiftUpdateCheck = 1340;
				LastUpgradeCheck = 1340;
				TargetAttributes = {
					B31D7D4F28B1294700A4E948 = {
						CreatedOnToolsVersion = 13.4.1;
					};
				};
			};
			buildConfigurationList = B31D7D4B28B1294700A4E948 /* Build configuration list for PBXProject "Rss-Feed-SwiftUI" */;
			compatibilityVersion = "Xcode 13.0";
			developmentRegion = en;
			hasScannedForEncodings = 0;
			knownRegions = (
				en,
				Base,
			);
			mainGroup = B31D7D4728B1294700A4E948;
			productRefGroup = B31D7D5128B1294700A4E948 /* Products */;
			projectDirPath = "";
			projectRoot = "";
			targets = (
				B31D7D4F28B1294700A4E948 /* Rss-Feed-SwiftUI */,
			);
		};
/* End PBXProject section */

/* Begin PBXResourcesBuildPhase section */
		B31D7D4E28B1294700A4E948 /* Resources */ = {
			isa = PBXResourcesBuildPhase;
			buildActionMask = 2147483647;
			files = (
				B31D7D5B28B1294D00A4E948 /* Preview Assets.xcassets in Resources */,
				B3B7697128B1856E003EDD99 /* LaunchScreen.storyboard in Resources */,
				B31D7D5828B1294D00A4E948 /* Assets.xcassets in Resources */,
				B31D7D6828B12CA800A4E948 /* rssList.json in Resources */,
			);
			runOnlyForDeploymentPostprocessing = 0;
		};
/* End PBXResourcesBuildPhase section */

/* Begin PBXShellScriptBuildPhase section */
		6EFAE1CD9D6FCDAF561C1F78 /* [CP] Check Pods Manifest.lock */ = {
			isa = PBXShellScriptBuildPhase;
			buildActionMask = 2147483647;
			files = (
			);
			inputFileListPaths = (
			);
			inputPaths = (
				"${PODS_PODFILE_DIR_PATH}/Podfile.lock",
				"${PODS_ROOT}/Manifest.lock",
			);
			name = "[CP] Check Pods Manifest.lock";
			outputFileListPaths = (
			);
			outputPaths = (
				"$(DERIVED_FILE_DIR)/Pods-Rss-Feed-SwiftUI-checkManifestLockResult.txt",
			);
			runOnlyForDeploymentPostprocessing = 0;
			shellPath = /bin/sh;
			shellScript = "diff \"${PODS_PODFILE_DIR_PATH}/Podfile.lock\" \"${PODS_ROOT}/Manifest.lock\" > /dev/null\nif [ $? != 0 ] ; then\n    # print error to STDERR\n    echo \"error: The sandbox is not in sync with the Podfile.lock. Run 'pod install' or update your CocoaPods installation.\" >&2\n    exit 1\nfi\n# This output is used by Xcode 'outputs' to avoid re-running this script phase.\necho \"SUCCESS\" > \"${SCRIPT_OUTPUT_FILE_0}\"\n";
			showEnvVarsInLog = 0;
		};
		B5898B91D6FD308B5BEE2F21 /* [CP] Embed Pods Frameworks */ = {
			isa = PBXShellScriptBuildPhase;
			buildActionMask = 2147483647;
			files = (
			);
			inputFileListPaths = (
				"${PODS_ROOT}/Target Support Files/Pods-Rss-Feed-SwiftUI/Pods-Rss-Feed-SwiftUI-frameworks-${CONFIGURATION}-input-files.xcfilelist",
			);
			name = "[CP] Embed Pods Frameworks";
			outputFileListPaths = (
				"${PODS_ROOT}/Target Support Files/Pods-Rss-Feed-SwiftUI/Pods-Rss-Feed-SwiftUI-frameworks-${CONFIGURATION}-output-files.xcfilelist",
			);
			runOnlyForDeploymentPostprocessing = 0;
			shellPath = /bin/sh;
			shellScript = "\"${PODS_ROOT}/Target Support Files/Pods-Rss-Feed-SwiftUI/Pods-Rss-Feed-SwiftUI-frameworks.sh\"\n";
			showEnvVarsInLog = 0;
		};
/* End PBXShellScriptBuildPhase section */

/* Begin PBXSourcesBuildPhase section */
		B31D7D4C28B1294700A4E948 /* Sources */ = {
			isa = PBXSourcesBuildPhase;
			buildActionMask = 2147483647;
			files = (
				B31D7D7228B156DE00A4E948 /* String+Extension.swift in Sources */,
				B31D7D7428B1577100A4E948 /* FeedDetailCellViewModel.swift in Sources */,
				B31D7D5628B1294700A4E948 /* MainContentView.swift in Sources */,
				B31D7D7628B15A9700A4E948 /* FeedDetailView.swift in Sources */,
				B31D7D6A28B12EED00A4E948 /* Bundle+Extension.swift in Sources */,
				B31D7D6C28B13E6000A4E948 /* MainCell.swift in Sources */,
				B31D7D5428B1294700A4E948 /* Rss_Feed_SwiftUIApp.swift in Sources */,
				B31D7D6428B12AF400A4E948 /* MainModel.swift in Sources */,
				B31D7D6628B12B2900A4E948 /* MainViewModel.swift in Sources */,
				B31D7D7828B15AF600A4E948 /* FeedDetailViewModel.swift in Sources */,
				B31D7D7028B14E0900A4E948 /* FeedDetailCell.swift in Sources */,
			);
			runOnlyForDeploymentPostprocessing = 0;
		};
/* End PBXSourcesBuildPhase section */

/* Begin XCBuildConfiguration section */
		B31D7D5C28B1294D00A4E948 /* Debug */ = {
			isa = XCBuildConfiguration;
			buildSettings = {
				ALWAYS_SEARCH_USER_PATHS = NO;
				CLANG_ANALYZER_NONNULL = YES;
				CLANG_ANALYZER_NUMBER_OBJECT_CONVERSION = YES_AGGRESSIVE;
				CLANG_CXX_LANGUAGE_STANDARD = "gnu++17";
				CLANG_ENABLE_MODULES = YES;
				CLANG_ENABLE_OBJC_ARC = YES;
				CLANG_ENABLE_OBJC_WEAK = YES;
				CLANG_WARN_BLOCK_CAPTURE_AUTORELEASING = YES;
				CLANG_WARN_BOOL_CONVERSION = YES;
				CLANG_WARN_COMMA = YES;
				CLANG_WARN_CONSTANT_CONVERSION = YES;
				CLANG_WARN_DEPRECATED_OBJC_IMPLEMENTATIONS = YES;
				CLANG_WARN_DIRECT_OBJC_ISA_USAGE = YES_ERROR;
				CLANG_WARN_DOCUMENTATION_COMMENTS = YES;
				CLANG_WARN_EMPTY_BODY = YES;
				CLANG_WARN_ENUM_CONVERSION = YES;
				CLANG_WARN_INFINITE_RECURSION = YES;
				CLANG_WARN_INT_CONVERSION = YES;
				CLANG_WARN_NON_LITERAL_NULL_CONVERSION = YES;
				CLANG_WARN_OBJC_IMPLICIT_RETAIN_SELF = YES;
				CLANG_WARN_OBJC_LITERAL_CONVERSION = YES;
				CLANG_WARN_OBJC_ROOT_CLASS = YES_ERROR;
				CLANG_WARN_QUOTED_INCLUDE_IN_FRAMEWORK_HEADER = YES;
				CLANG_WARN_RANGE_LOOP_ANALYSIS = YES;
				CLANG_WARN_STRICT_PROTOTYPES = YES;
				CLANG_WARN_SUSPICIOUS_MOVE = YES;
				CLANG_WARN_UNGUARDED_AVAILABILITY = YES_AGGRESSIVE;
				CLANG_WARN_UNREACHABLE_CODE = YES;
				CLANG_WARN__DUPLICATE_METHOD_MATCH = YES;
				COPY_PHASE_STRIP = NO;
				DEBUG_INFORMATION_FORMAT = dwarf;
				ENABLE_STRICT_OBJC_MSGSEND = YES;
				ENABLE_TESTABILITY = YES;
				GCC_C_LANGUAGE_STANDARD = gnu11;
				GCC_DYNAMIC_NO_PIC = NO;
				GCC_NO_COMMON_BLOCKS = YES;
				GCC_OPTIMIZATION_LEVEL = 0;
				GCC_PREPROCESSOR_DEFINITIONS = (
					"DEBUG=1",
					"$(inherited)",
				);
				GCC_WARN_64_TO_32_BIT_CONVERSION = YES;
				GCC_WARN_ABOUT_RETURN_TYPE = YES_ERROR;
				GCC_WARN_UNDECLARED_SELECTOR = YES;
				GCC_WARN_UNINITIALIZED_AUTOS = YES_AGGRESSIVE;
				GCC_WARN_UNUSED_FUNCTION = YES;
				GCC_WARN_UNUSED_VARIABLE = YES;
				IPHONEOS_DEPLOYMENT_TARGET = 14.0;
				MTL_ENABLE_DEBUG_INFO = INCLUDE_SOURCE;
				MTL_FAST_MATH = YES;
				ONLY_ACTIVE_ARCH = YES;
				SDKROOT = iphoneos;
				SWIFT_ACTIVE_COMPILATION_CONDITIONS = DEBUG;
				SWIFT_OPTIMIZATION_LEVEL = "-Onone";
			};
			name = Debug;
		};
		B31D7D5D28B1294D00A4E948 /* Release */ = {
			isa = XCBuildConfiguration;
			buildSettings = {
				ALWAYS_SEARCH_USER_PATHS = NO;
				CLANG_ANALYZER_NONNULL = YES;
				CLANG_ANALYZER_NUMBER_OBJECT_CONVERSION = YES_AGGRESSIVE;
				CLANG_CXX_LANGUAGE_STANDARD = "gnu++17";
				CLANG_ENABLE_MODULES = YES;
				CLANG_ENABLE_OBJC_ARC = YES;
				CLANG_ENABLE_OBJC_WEAK = YES;
				CLANG_WARN_BLOCK_CAPTURE_AUTORELEASING = YES;
				CLANG_WARN_BOOL_CONVERSION = YES;
				CLANG_WARN_COMMA = YES;
				CLANG_WARN_CONSTANT_CONVERSION = YES;
				CLANG_WARN_DEPRECATED_OBJC_IMPLEMENTATIONS = YES;
				CLANG_WARN_DIRECT_OBJC_ISA_USAGE = YES_ERROR;
				CLANG_WARN_DOCUMENTATION_COMMENTS = YES;
				CLANG_WARN_EMPTY_BODY = YES;
				CLANG_WARN_ENUM_CONVERSION = YES;
				CLANG_WARN_INFINITE_RECURSION = YES;
				CLANG_WARN_INT_CONVERSION = YES;
				CLANG_WARN_NON_LITERAL_NULL_CONVERSION = YES;
				CLANG_WARN_OBJC_IMPLICIT_RETAIN_SELF = YES;
				CLANG_WARN_OBJC_LITERAL_CONVERSION = YES;
				CLANG_WARN_OBJC_ROOT_CLASS = YES_ERROR;
				CLANG_WARN_QUOTED_INCLUDE_IN_FRAMEWORK_HEADER = YES;
				CLANG_WARN_RANGE_LOOP_ANALYSIS = YES;
				CLANG_WARN_STRICT_PROTOTYPES = YES;
				CLANG_WARN_SUSPICIOUS_MOVE = YES;
				CLANG_WARN_UNGUARDED_AVAILABILITY = YES_AGGRESSIVE;
				CLANG_WARN_UNREACHABLE_CODE = YES;
				CLANG_WARN__DUPLICATE_METHOD_MATCH = YES;
				COPY_PHASE_STRIP = NO;
				DEBUG_INFORMATION_FORMAT = "dwarf-with-dsym";
				ENABLE_NS_ASSERTIONS = NO;
				ENABLE_STRICT_OBJC_MSGSEND = YES;
				GCC_C_LANGUAGE_STANDARD = gnu11;
				GCC_NO_COMMON_BLOCKS = YES;
				GCC_WARN_64_TO_32_BIT_CONVERSION = YES;
				GCC_WARN_ABOUT_RETURN_TYPE = YES_ERROR;
				GCC_WARN_UNDECLARED_SELECTOR = YES;
				GCC_WARN_UNINITIALIZED_AUTOS = YES_AGGRESSIVE;
				GCC_WARN_UNUSED_FUNCTION = YES;
				GCC_WARN_UNUSED_VARIABLE = YES;
				IPHONEOS_DEPLOYMENT_TARGET = 14.0;
				MTL_ENABLE_DEBUG_INFO = NO;
				MTL_FAST_MATH = YES;
				SDKROOT = iphoneos;
				SWIFT_COMPILATION_MODE = wholemodule;
				SWIFT_OPTIMIZATION_LEVEL = "-O";
				VALIDATE_PRODUCT = YES;
			};
			name = Release;
		};
		B31D7D5F28B1294D00A4E948 /* Debug */ = {
			isa = XCBuildConfiguration;
			baseConfigurationReference = C9C9D1C079175F50057116DB /* Pods-Rss-Feed-SwiftUI.debug.xcconfig */;
			buildSettings = {
				ASSETCATALOG_COMPILER_APPICON_NAME = AppIcon;
				ASSETCATALOG_COMPILER_GLOBAL_ACCENT_COLOR_NAME = AccentColor;
				ASSETCATALOG_COMPILER_INCLUDE_ALL_APPICON_ASSETS = YES;
				CODE_SIGN_STYLE = Automatic;
				CURRENT_PROJECT_VERSION = 1;
				DEVELOPMENT_ASSET_PATHS = "\"Rss-Feed-SwiftUI/Preview Content\"";
				DEVELOPMENT_TEAM = 7ZSRMD965K;
				ENABLE_PREVIEWS = YES;
				GENERATE_INFOPLIST_FILE = YES;
				INFOPLIST_KEY_UIApplicationSceneManifest_Generation = YES;
				INFOPLIST_KEY_UIApplicationSupportsIndirectInputEvents = YES;
				INFOPLIST_KEY_UILaunchScreen_Generation = YES;
				INFOPLIST_KEY_UILaunchStoryboardName = LaunchScreen;
				INFOPLIST_KEY_UISupportedInterfaceOrientations_iPad = "UIInterfaceOrientationPortrait UIInterfaceOrientationPortraitUpsideDown UIInterfaceOrientationLandscapeLeft UIInterfaceOrientationLandscapeRight";
				INFOPLIST_KEY_UISupportedInterfaceOrientations_iPhone = "UIInterfaceOrientationPortrait UIInterfaceOrientationLandscapeLeft UIInterfaceOrientationLandscapeRight";
				LD_RUNPATH_SEARCH_PATHS = (
					"$(inherited)",
					"@executable_path/Frameworks",
				);
				MARKETING_VERSION = 1.0;
				PRODUCT_BUNDLE_IDENTIFIER = "said.Rss-Feed-SwiftUI";
				PRODUCT_NAME = "Rss Feed";
				SWIFT_EMIT_LOC_STRINGS = YES;
				SWIFT_VERSION = 5.0;
				TARGETED_DEVICE_FAMILY = "1,2";
			};
			name = Debug;
		};
		B31D7D6028B1294D00A4E948 /* Release */ = {
			isa = XCBuildConfiguration;
			baseConfigurationReference = D11A7A564A407B6BB0487D71 /* Pods-Rss-Feed-SwiftUI.release.xcconfig */;
			buildSettings = {
				ASSETCATALOG_COMPILER_APPICON_NAME = AppIcon;
				ASSETCATALOG_COMPILER_GLOBAL_ACCENT_COLOR_NAME = AccentColor;
				ASSETCATALOG_COMPILER_INCLUDE_ALL_APPICON_ASSETS = YES;
				CODE_SIGN_STYLE = Automatic;
				CURRENT_PROJECT_VERSION = 1;
				DEVELOPMENT_ASSET_PATHS = "\"Rss-Feed-SwiftUI/Preview Content\"";
				DEVELOPMENT_TEAM = 7ZSRMD965K;
				ENABLE_PREVIEWS = YES;
				GENERATE_INFOPLIST_FILE = YES;
				INFOPLIST_KEY_UIApplicationSceneManifest_Generation = YES;
				INFOPLIST_KEY_UIApplicationSupportsIndirectInputEvents = YES;
				INFOPLIST_KEY_UILaunchScreen_Generation = YES;
				INFOPLIST_KEY_UILaunchStoryboardName = LaunchScreen;
				INFOPLIST_KEY_UISupportedInterfaceOrientations_iPad = "UIInterfaceOrientationPortrait UIInterfaceOrientationPortraitUpsideDown UIInterfaceOrientationLandscapeLeft UIInterfaceOrientationLandscapeRight";
				INFOPLIST_KEY_UISupportedInterfaceOrientations_iPhone = "UIInterfaceOrientationPortrait UIInterfaceOrientationLandscapeLeft UIInterfaceOrientationLandscapeRight";
				LD_RUNPATH_SEARCH_PATHS = (
					"$(inherited)",
					"@executable_path/Frameworks",
				);
				MARKETING_VERSION = 1.0;
				PRODUCT_BUNDLE_IDENTIFIER = "said.Rss-Feed-SwiftUI";
				PRODUCT_NAME = "Rss Feed";
				SWIFT_EMIT_LOC_STRINGS = YES;
				SWIFT_VERSION = 5.0;
				TARGETED_DEVICE_FAMILY = "1,2";
			};
			name = Release;
		};
/* End XCBuildConfiguration section */

/* Begin XCConfigurationList section */
		B31D7D4B28B1294700A4E948 /* Build configuration list for PBXProject "Rss-Feed-SwiftUI" */ = {
			isa = XCConfigurationList;
			buildConfigurations = (
				B31D7D5C28B1294D00A4E948 /* Debug */,
				B31D7D5D28B1294D00A4E948 /* Release */,
			);
			defaultConfigurationIsVisible = 0;
			defaultConfigurationName = Release;
		};
		B31D7D5E28B1294D00A4E948 /* Build configuration list for PBXNativeTarget "Rss-Feed-SwiftUI" */ = {
			isa = XCConfigurationList;
			buildConfigurations = (
				B31D7D5F28B1294D00A4E948 /* Debug */,
				B31D7D6028B1294D00A4E948 /* Release */,
			);
			defaultConfigurationIsVisible = 0;
			defaultConfigurationName = Release;
		};
/* End XCConfigurationList section */
	};
	rootObject = B31D7D4828B1294700A4E948 /* Project object */;
}
